
Microsoft Visual Studio Solution File, Format Version 12.00
# Visual Studio 15
VisualStudioVersion = 15.0.27703.2026
MinimumVisualStudioVersion = 10.0.40219.1
Project("{FAE04EC0-301F-11D3-BF4B-00C04F79EFBC}") = "Calculator", "Calculator\Calculator.csproj", "{2341ACC7-86B8-4285-84F7-37290EFA3EB7}"
EndProject
Global
	GlobalSection(SolutionConfigurationPlatforms) = preSolution
		Debug|Any CPU = Debug|Any CPU
		Release|Any CPU = Release|Any CPU
	EndGlobalSection
	GlobalSection(ProjectConfigurationPlatforms) = postSolution
		{2341ACC7-86B8-4285-84F7-37290EFA3EB7}.Debug|Any CPU.ActiveCfg = Debug|Any CPU
		{2341ACC7-86B8-4285-84F7-37290EFA3EB7}.Debug|Any CPU.Build.0 = Debug|Any CPU
		{2341ACC7-86B8-4285-84F7-37290EFA3EB7}.Release|Any CPU.ActiveCfg = Release|Any CPU
		{2341ACC7-86B8-4285-84F7-37290EFA3EB7}.Release|Any CPU.Build.0 = Release|Any CPU
	EndGlobalSection
	GlobalSection(SolutionProperties) = preSolution
		HideSolutionNode = FALSE
	EndGlobalSection
	GlobalSection(ExtensibilityGlobals) = postSolution
		SolutionGuid = {31767887-9E89-4235-A0BB-DF4FE4F6CA09}
	EndGlobalSection
EndGlobal
